
Microsoft Visual Studio Solution File, Format Version 12.00
# Visual Studio Version 16
VisualStudioVersion = 16.0.30907.101
MinimumVisualStudioVersion = 10.0.40219.1
Project("{FAE04EC0-301F-11D3-BF4B-00C04F79EFBC}") = "Lesson-01-01", "Lesson-01-01\Lesson-01-01.csproj", "{9FF92545-8BAB-41DA-BDB0-642CADC55BEF}"
EndProject
Global
	GlobalSection(SolutionConfigurationPlatforms) = preSolution
		Debug|Any CPU = Debug|Any CPU
		Release|Any CPU = Release|Any CPU
	EndGlobalSection
	GlobalSection(ProjectConfigurationPlatforms) = postSolution
		{9FF92545-8BAB-41DA-BDB0-642CADC55BEF}.Debug|Any CPU.ActiveCfg = Debug|Any CPU
		{9FF92545-8BAB-41DA-BDB0-642CADC55BEF}.Debug|Any CPU.Build.0 = Debug|Any CPU
		{9FF92545-8BAB-41DA-BDB0-642CADC55BEF}.Release|Any CPU.ActiveCfg = Release|Any CPU
		{9FF92545-8BAB-41DA-BDB0-642CADC55BEF}.Release|Any CPU.Build.0 = Release|Any CPU
	EndGlobalSection
	GlobalSection(SolutionProperties) = preSolution
		HideSolutionNode = FALSE
	EndGlobalSection
	GlobalSection(ExtensibilityGlobals) = postSolution
		SolutionGuid = {8B85F49C-E275-49F2-8DFE-06277465AB4F}
	EndGlobalSection
EndGlobal
